
Microsoft Visual Studio Solution File, Format Version 12.00
# Visual Studio Version 17
VisualStudioVersion = 17.2.32616.157
MinimumVisualStudioVersion = 10.0.40219.1
Project("{FAE04EC0-301F-11D3-BF4B-00C04F79EFBC}") = "ApiConventionAnalyser", "ApiConventionAnalyser\ApiConventionAnalyser.csproj", "{87AAC258-70AC-496D-BF0D-1556AC068DD4}"
EndProject
Global
	GlobalSection(SolutionConfigurationPlatforms) = preSolution
		Debug|Any CPU = Debug|Any CPU
		Release|Any CPU = Release|Any CPU
	EndGlobalSection
	GlobalSection(ProjectConfigurationPlatforms) = postSolution
		{87AAC258-70AC-496D-BF0D-1556AC068DD4}.Debug|Any CPU.ActiveCfg = Debug|Any CPU
		{87AAC258-70AC-496D-BF0D-1556AC068DD4}.Debug|Any CPU.Build.0 = Debug|Any CPU
		{87AAC258-70AC-496D-BF0D-1556AC068DD4}.Release|Any CPU.ActiveCfg = Release|Any CPU
		{87AAC258-70AC-496D-BF0D-1556AC068DD4}.Release|Any CPU.Build.0 = Release|Any CPU
	EndGlobalSection
	GlobalSection(SolutionProperties) = preSolution
		HideSolutionNode = FALSE
	EndGlobalSection
	GlobalSection(ExtensibilityGlobals) = postSolution
		SolutionGuid = {EDB9F923-BE04-4604-869F-8CCB85BA9848}
	EndGlobalSection
EndGlobal
